
Microsoft Visual Studio Solution File, Format Version 12.00
# Visual Studio Version 16
VisualStudioVersion = 16.0.30717.126
MinimumVisualStudioVersion = 10.0.40219.1
Project("{8BC9CEB8-8B4A-11D0-8D11-00A0C91BC942}") = "chapter 2 - objects and memory", "chapter 2 - objects and memory.vcxproj", "{82FAB1F1-4C3A-4EFF-ADA8-CB0291464073}"
EndProject
Global
	GlobalSection(SolutionConfigurationPlatforms) = preSolution
		Debug|x64 = Debug|x64
		Debug|x86 = Debug|x86
		Release|x64 = Release|x64
		Release|x86 = Release|x86
	EndGlobalSection
	GlobalSection(ProjectConfigurationPlatforms) = postSolution
		{82FAB1F1-4C3A-4EFF-ADA8-CB0291464073}.Debug|x64.ActiveCfg = Debug|x64
		{82FAB1F1-4C3A-4EFF-ADA8-CB0291464073}.Debug|x64.Build.0 = Debug|x64
		{82FAB1F1-4C3A-4EFF-ADA8-CB0291464073}.Debug|x86.ActiveCfg = Debug|Win32
		{82FAB1F1-4C3A-4EFF-ADA8-CB0291464073}.Debug|x86.Build.0 = Debug|Win32
		{82FAB1F1-4C3A-4EFF-ADA8-CB0291464073}.Release|x64.ActiveCfg = Release|x64
		{82FAB1F1-4C3A-4EFF-ADA8-CB0291464073}.Release|x64.Build.0 = Release|x64
		{82FAB1F1-4C3A-4EFF-ADA8-CB0291464073}.Release|x86.ActiveCfg = Release|Win32
		{82FAB1F1-4C3A-4EFF-ADA8-CB0291464073}.Release|x86.Build.0 = Release|Win32
	EndGlobalSection
	GlobalSection(SolutionProperties) = preSolution
		HideSolutionNode = FALSE
	EndGlobalSection
	GlobalSection(ExtensibilityGlobals) = postSolution
		SolutionGuid = {3476929E-DF44-4082-8DB0-5C33EB8B55D6}
	EndGlobalSection
EndGlobal
